
Microsoft Visual Studio Solution File, Format Version 12.00
# Visual Studio Version 17
VisualStudioVersion = 17.7.34018.315
MinimumVisualStudioVersion = 10.0.40219.1
Project("{2150E333-8FDC-42A3-9474-1A3956D46DE8}") = "DataAcces", "DataAcces", "{CC4E1D9D-C7D3-4B7A-9FD9-A79AB5C683CA}"
	ProjectSection(SolutionItems) = preProject
		DataAcess\CAA_Solicitudes.cs = DataAcess\CAA_Solicitudes.cs
		DataAcess\SSIT_Solicitudes_Notificaciones.cs = DataAcess\SSIT_Solicitudes_Notificaciones.cs
	EndProjectSection
EndProject
Project("{2150E333-8FDC-42A3-9474-1A3956D46DE8}") = "BusinesLayer", "BusinesLayer", "{3F529F49-E51E-4986-9061-D34AD61D82CA}"
EndProject
Project("{2150E333-8FDC-42A3-9474-1A3956D46DE8}") = "UserInterface", "UserInterface", "{EBECA7A5-B172-4FB9-8127-1FA13BD00DBA}"
EndProject
Project("{2150E333-8FDC-42A3-9474-1A3956D46DE8}") = "Repository", "Repository", "{E8C7C21C-B294-478C-8888-A2A39F4547EE}"
EndProject
Project("{2150E333-8FDC-42A3-9474-1A3956D46DE8}") = "UnitOfWork", "UnitOfWork", "{CB4C1334-1522-41ED-A2D1-33A6AE8A1BF7}"
EndProject
Project("{2150E333-8FDC-42A3-9474-1A3956D46DE8}") = "DTO", "DTO", "{31DCD898-103A-4040-94B0-382E331A7031}"
EndProject
Project("{FAE04EC0-301F-11D3-BF4B-00C04F79EFBC}") = "BusinesLayer", "BusinesLayer\BusinesLayer.csproj", "{8FF7AFC2-3068-428A-B046-5213A9EED822}"
	ProjectSection(ProjectDependencies) = postProject
		{33F5FD19-535E-4BBE-8544-A6DC90AEB1F1} = {33F5FD19-535E-4BBE-8544-A6DC90AEB1F1}
	EndProjectSection
EndProject
Project("{FAE04EC0-301F-11D3-BF4B-00C04F79EFBC}") = "DataTransferObject", "DataTrasnferObject\DataTransferObject.csproj", "{D19C2B35-AB4A-4EB2-BE0F-E151F023FEDB}"
EndProject
Project("{FAE04EC0-301F-11D3-BF4B-00C04F79EFBC}") = "IBaseRepository", "IBaseRepository\IBaseRepository.csproj", "{FAEFFDE8-F32E-472B-BB4A-2C068EA0E96D}"
EndProject
Project("{FAE04EC0-301F-11D3-BF4B-00C04F79EFBC}") = "BaseRepository", "BaseRepository\BaseRepository.csproj", "{9469437F-AB0D-43B4-9084-E706B20E2C09}"
EndProject
Project("{FAE04EC0-301F-11D3-BF4B-00C04F79EFBC}") = "UnitOfWork", "UnitOfWork\UnitOfWork.csproj", "{D1A5C3C8-4FDA-4A23-879E-74B182C99880}"
EndProject
Project("{FAE04EC0-301F-11D3-BF4B-00C04F79EFBC}") = "DataAcess", "DataAcess\DataAcess.csproj", "{9E8652C6-7EB7-486A-9E40-4999393D401E}"
EndProject
Project("{FAE04EC0-301F-11D3-BF4B-00C04F79EFBC}") = "BusinessLayerUnitTest", "BusinessLayerUnitTest\BusinessLayerUnitTest.csproj", "{02226466-7F10-4382-BD12-F0310AAC37C7}"
	ProjectSection(ProjectDependencies) = postProject
		{33F5FD19-535E-4BBE-8544-A6DC90AEB1F1} = {33F5FD19-535E-4BBE-8544-A6DC90AEB1F1}
	EndProjectSection
EndProject
Project("{2150E333-8FDC-42A3-9474-1A3956D46DE8}") = "Services", "Services", "{856D9383-AA3C-4A3B-810B-D8CBAF037F8D}"
EndProject
Project("{FAE04EC0-301F-11D3-BF4B-00C04F79EFBC}") = "IBusinessLayer", "IBusinessLayer\IBusinessLayer.csproj", "{3E8E0DDA-E025-4CA4-9169-F139D6D90B97}"
	ProjectSection(ProjectDependencies) = postProject
		{33F5FD19-535E-4BBE-8544-A6DC90AEB1F1} = {33F5FD19-535E-4BBE-8544-A6DC90AEB1F1}
	EndProjectSection
EndProject
Project("{FAE04EC0-301F-11D3-BF4B-00C04F79EFBC}") = "AnexoProfesionales", "AnexoProfesionales\AnexoProfesionales.csproj", "{78B51D35-B309-4A6B-8BD2-20E14E3FB141}"
	ProjectSection(ProjectDependencies) = postProject
		{33F5FD19-535E-4BBE-8544-A6DC90AEB1F1} = {33F5FD19-535E-4BBE-8544-A6DC90AEB1F1}
	EndProjectSection
EndProject
Project("{FAE04EC0-301F-11D3-BF4B-00C04F79EFBC}") = "ConsejosProfesionales", "ConsejosProfesionales\ConsejosProfesionales.csproj", "{0315806F-AD62-42BD-B287-9DFF0CD23F3E}"
EndProject
Project("{FAE04EC0-301F-11D3-BF4B-00C04F79EFBC}") = "SSIT", "SSIT\SSIT.csproj", "{B799B3E8-92E8-454A-B8E1-1FF61D9A272F}"
	ProjectSection(ProjectDependencies) = postProject
		{33F5FD19-535E-4BBE-8544-A6DC90AEB1F1} = {33F5FD19-535E-4BBE-8544-A6DC90AEB1F1}
	EndProjectSection
EndProject
Project("{2150E333-8FDC-42A3-9474-1A3956D46DE8}") = ".nuget", ".nuget", "{8C18A8C0-9300-4319-A77A-234BDDF9A465}"
	ProjectSection(SolutionItems) = preProject
		.nuget\NuGet.Config = .nuget\NuGet.Config
		.nuget\NuGet.exe = .nuget\NuGet.exe
		.nuget\NuGet.targets = .nuget\NuGet.targets
	EndProjectSection
EndProject
Project("{2150E333-8FDC-42A3-9474-1A3956D46DE8}") = "CommonClass", "CommonClass", "{F1E6A3C2-9D4D-402B-9156-FF48414F3FEF}"
EndProject
Project("{FAE04EC0-301F-11D3-BF4B-00C04F79EFBC}") = "StaticClass", "StaticClass\StaticClass.csproj", "{63F81A1C-CB11-47FC-8095-DF480C24250E}"
EndProject
Project("{FAE04EC0-301F-11D3-BF4B-00C04F79EFBC}") = "ExternalService", "ExternalServiceMail\ExternalService.csproj", "{33F5FD19-535E-4BBE-8544-A6DC90AEB1F1}"
EndProject
Project("{2150E333-8FDC-42A3-9474-1A3956D46DE8}") = "Reporting", "Reporting", "{B0FBE34A-33EA-4B49-96DE-4F8953E069B5}"
EndProject
Project("{FAE04EC0-301F-11D3-BF4B-00C04F79EFBC}") = "Reporting", "Reporting\Reporting.csproj", "{CCC09F9C-2254-4D74-9867-33A91C487544}"
	ProjectSection(ProjectDependencies) = postProject
		{33F5FD19-535E-4BBE-8544-A6DC90AEB1F1} = {33F5FD19-535E-4BBE-8544-A6DC90AEB1F1}
	EndProjectSection
EndProject
Project("{2150E333-8FDC-42A3-9474-1A3956D46DE8}") = "Engine_Service", "Engine_Service", "{408FF473-87E5-442D-A29C-FCF4F72DA431}"
EndProject
Project("{FAE04EC0-301F-11D3-BF4B-00C04F79EFBC}") = "Engine_Common", "Engine_Common\Engine_Common.csproj", "{727226E6-4CA0-4C96-A3B0-48279D1A26C6}"
EndProject
Project("{FAE04EC0-301F-11D3-BF4B-00C04F79EFBC}") = "Azrael", "Azrael\Azrael.csproj", "{705219D6-4CF3-4090-84EE-70E6CC02A7A3}"
EndProject
Project("{FAE04EC0-301F-11D3-BF4B-00C04F79EFBC}") = "AuthenticationAGIP", "AuthenticationAGIP\AuthenticationAGIP.csproj", "{A4DC32B8-D083-404D-8E85-157A8D2EB310}"
EndProject
Project("{2150E333-8FDC-42A3-9474-1A3956D46DE8}") = "AppConsola", "AppConsola", "{95A4A64A-D1CC-4DA7-9819-05A633018568}"
EndProject
Project("{FAE04EC0-301F-11D3-BF4B-00C04F79EFBC}") = "RegenerarPDFs", "RegenerarPDFs\RegenerarPDFs.csproj", "{7E3760EC-8C52-440B-A0E0-C09DDB49D6B5}"
	ProjectSection(ProjectDependencies) = postProject
		{33F5FD19-535E-4BBE-8544-A6DC90AEB1F1} = {33F5FD19-535E-4BBE-8544-A6DC90AEB1F1}
		{8FF7AFC2-3068-428A-B046-5213A9EED822} = {8FF7AFC2-3068-428A-B046-5213A9EED822}
	EndProjectSection
EndProject
Global
	GlobalSection(SolutionConfigurationPlatforms) = preSolution
		Debug|Any CPU = Debug|Any CPU
		Release|Any CPU = Release|Any CPU
	EndGlobalSection
	GlobalSection(ProjectConfigurationPlatforms) = postSolution
		{8FF7AFC2-3068-428A-B046-5213A9EED822}.Debug|Any CPU.ActiveCfg = Debug|Any CPU
		{8FF7AFC2-3068-428A-B046-5213A9EED822}.Debug|Any CPU.Build.0 = Debug|Any CPU
		{8FF7AFC2-3068-428A-B046-5213A9EED822}.Release|Any CPU.ActiveCfg = Release|Any CPU
		{8FF7AFC2-3068-428A-B046-5213A9EED822}.Release|Any CPU.Build.0 = Release|Any CPU
		{D19C2B35-AB4A-4EB2-BE0F-E151F023FEDB}.Debug|Any CPU.ActiveCfg = Debug|Any CPU
		{D19C2B35-AB4A-4EB2-BE0F-E151F023FEDB}.Debug|Any CPU.Build.0 = Debug|Any CPU
		{D19C2B35-AB4A-4EB2-BE0F-E151F023FEDB}.Release|Any CPU.ActiveCfg = Release|Any CPU
		{D19C2B35-AB4A-4EB2-BE0F-E151F023FEDB}.Release|Any CPU.Build.0 = Release|Any CPU
		{FAEFFDE8-F32E-472B-BB4A-2C068EA0E96D}.Debug|Any CPU.ActiveCfg = Debug|Any CPU
		{FAEFFDE8-F32E-472B-BB4A-2C068EA0E96D}.Debug|Any CPU.Build.0 = Debug|Any CPU
		{FAEFFDE8-F32E-472B-BB4A-2C068EA0E96D}.Release|Any CPU.ActiveCfg = Release|Any CPU
		{FAEFFDE8-F32E-472B-BB4A-2C068EA0E96D}.Release|Any CPU.Build.0 = Release|Any CPU
		{9469437F-AB0D-43B4-9084-E706B20E2C09}.Debug|Any CPU.ActiveCfg = Debug|Any CPU
		{9469437F-AB0D-43B4-9084-E706B20E2C09}.Debug|Any CPU.Build.0 = Debug|Any CPU
		{9469437F-AB0D-43B4-9084-E706B20E2C09}.Release|Any CPU.ActiveCfg = Release|Any CPU
		{9469437F-AB0D-43B4-9084-E706B20E2C09}.Release|Any CPU.Build.0 = Release|Any CPU
		{D1A5C3C8-4FDA-4A23-879E-74B182C99880}.Debug|Any CPU.ActiveCfg = Debug|Any CPU
		{D1A5C3C8-4FDA-4A23-879E-74B182C99880}.Debug|Any CPU.Build.0 = Debug|Any CPU
		{D1A5C3C8-4FDA-4A23-879E-74B182C99880}.Release|Any CPU.ActiveCfg = Release|Any CPU
		{D1A5C3C8-4FDA-4A23-879E-74B182C99880}.Release|Any CPU.Build.0 = Release|Any CPU
		{9E8652C6-7EB7-486A-9E40-4999393D401E}.Debug|Any CPU.ActiveCfg = Debug|Any CPU
		{9E8652C6-7EB7-486A-9E40-4999393D401E}.Debug|Any CPU.Build.0 = Debug|Any CPU
		{9E8652C6-7EB7-486A-9E40-4999393D401E}.Release|Any CPU.ActiveCfg = Release|Any CPU
		{9E8652C6-7EB7-486A-9E40-4999393D401E}.Release|Any CPU.Build.0 = Release|Any CPU
		{02226466-7F10-4382-BD12-F0310AAC37C7}.Debug|Any CPU.ActiveCfg = Debug|Any CPU
		{02226466-7F10-4382-BD12-F0310AAC37C7}.Debug|Any CPU.Build.0 = Debug|Any CPU
		{02226466-7F10-4382-BD12-F0310AAC37C7}.Release|Any CPU.ActiveCfg = Release|Any CPU
		{02226466-7F10-4382-BD12-F0310AAC37C7}.Release|Any CPU.Build.0 = Release|Any CPU
		{3E8E0DDA-E025-4CA4-9169-F139D6D90B97}.Debug|Any CPU.ActiveCfg = Debug|Any CPU
		{3E8E0DDA-E025-4CA4-9169-F139D6D90B97}.Debug|Any CPU.Build.0 = Debug|Any CPU
		{3E8E0DDA-E025-4CA4-9169-F139D6D90B97}.Release|Any CPU.ActiveCfg = Release|Any CPU
		{3E8E0DDA-E025-4CA4-9169-F139D6D90B97}.Release|Any CPU.Build.0 = Release|Any CPU
		{78B51D35-B309-4A6B-8BD2-20E14E3FB141}.Debug|Any CPU.ActiveCfg = Debug|Any CPU
		{78B51D35-B309-4A6B-8BD2-20E14E3FB141}.Debug|Any CPU.Build.0 = Debug|Any CPU
		{78B51D35-B309-4A6B-8BD2-20E14E3FB141}.Release|Any CPU.ActiveCfg = Release|Any CPU
		{78B51D35-B309-4A6B-8BD2-20E14E3FB141}.Release|Any CPU.Build.0 = Release|Any CPU
		{0315806F-AD62-42BD-B287-9DFF0CD23F3E}.Debug|Any CPU.ActiveCfg = Debug|Any CPU
		{0315806F-AD62-42BD-B287-9DFF0CD23F3E}.Debug|Any CPU.Build.0 = Debug|Any CPU
		{0315806F-AD62-42BD-B287-9DFF0CD23F3E}.Release|Any CPU.ActiveCfg = Release|Any CPU
		{0315806F-AD62-42BD-B287-9DFF0CD23F3E}.Release|Any CPU.Build.0 = Release|Any CPU
		{B799B3E8-92E8-454A-B8E1-1FF61D9A272F}.Debug|Any CPU.ActiveCfg = Debug|Any CPU
		{B799B3E8-92E8-454A-B8E1-1FF61D9A272F}.Debug|Any CPU.Build.0 = Debug|Any CPU
		{B799B3E8-92E8-454A-B8E1-1FF61D9A272F}.Release|Any CPU.ActiveCfg = Release|Any CPU
		{B799B3E8-92E8-454A-B8E1-1FF61D9A272F}.Release|Any CPU.Build.0 = Release|Any CPU
		{63F81A1C-CB11-47FC-8095-DF480C24250E}.Debug|Any CPU.ActiveCfg = Debug|Any CPU
		{63F81A1C-CB11-47FC-8095-DF480C24250E}.Debug|Any CPU.Build.0 = Debug|Any CPU
		{63F81A1C-CB11-47FC-8095-DF480C24250E}.Release|Any CPU.ActiveCfg = Release|Any CPU
		{63F81A1C-CB11-47FC-8095-DF480C24250E}.Release|Any CPU.Build.0 = Release|Any CPU
		{33F5FD19-535E-4BBE-8544-A6DC90AEB1F1}.Debug|Any CPU.ActiveCfg = Debug|Any CPU
		{33F5FD19-535E-4BBE-8544-A6DC90AEB1F1}.Debug|Any CPU.Build.0 = Debug|Any CPU
		{33F5FD19-535E-4BBE-8544-A6DC90AEB1F1}.Release|Any CPU.ActiveCfg = Release|Any CPU
		{33F5FD19-535E-4BBE-8544-A6DC90AEB1F1}.Release|Any CPU.Build.0 = Release|Any CPU
		{CCC09F9C-2254-4D74-9867-33A91C487544}.Debug|Any CPU.ActiveCfg = Debug|Any CPU
		{CCC09F9C-2254-4D74-9867-33A91C487544}.Debug|Any CPU.Build.0 = Debug|Any CPU
		{CCC09F9C-2254-4D74-9867-33A91C487544}.Release|Any CPU.ActiveCfg = Release|Any CPU
		{CCC09F9C-2254-4D74-9867-33A91C487544}.Release|Any CPU.Build.0 = Release|Any CPU
		{727226E6-4CA0-4C96-A3B0-48279D1A26C6}.Debug|Any CPU.ActiveCfg = Debug|Any CPU
		{727226E6-4CA0-4C96-A3B0-48279D1A26C6}.Debug|Any CPU.Build.0 = Debug|Any CPU
		{727226E6-4CA0-4C96-A3B0-48279D1A26C6}.Release|Any CPU.ActiveCfg = Release|Any CPU
		{727226E6-4CA0-4C96-A3B0-48279D1A26C6}.Release|Any CPU.Build.0 = Release|Any CPU
		{705219D6-4CF3-4090-84EE-70E6CC02A7A3}.Debug|Any CPU.ActiveCfg = Debug|Any CPU
		{705219D6-4CF3-4090-84EE-70E6CC02A7A3}.Debug|Any CPU.Build.0 = Debug|Any CPU
		{705219D6-4CF3-4090-84EE-70E6CC02A7A3}.Release|Any CPU.ActiveCfg = Release|Any CPU
		{705219D6-4CF3-4090-84EE-70E6CC02A7A3}.Release|Any CPU.Build.0 = Release|Any CPU
		{A4DC32B8-D083-404D-8E85-157A8D2EB310}.Debug|Any CPU.ActiveCfg = Debug|Any CPU
		{A4DC32B8-D083-404D-8E85-157A8D2EB310}.Debug|Any CPU.Build.0 = Debug|Any CPU
		{A4DC32B8-D083-404D-8E85-157A8D2EB310}.Release|Any CPU.ActiveCfg = Release|Any CPU
		{A4DC32B8-D083-404D-8E85-157A8D2EB310}.Release|Any CPU.Build.0 = Release|Any CPU
		{7E3760EC-8C52-440B-A0E0-C09DDB49D6B5}.Debug|Any CPU.ActiveCfg = Debug|Any CPU
		{7E3760EC-8C52-440B-A0E0-C09DDB49D6B5}.Debug|Any CPU.Build.0 = Debug|Any CPU
		{7E3760EC-8C52-440B-A0E0-C09DDB49D6B5}.Release|Any CPU.ActiveCfg = Release|Any CPU
		{7E3760EC-8C52-440B-A0E0-C09DDB49D6B5}.Release|Any CPU.Build.0 = Release|Any CPU
	EndGlobalSection
	GlobalSection(SolutionProperties) = preSolution
		HideSolutionNode = FALSE
	EndGlobalSection
	GlobalSection(NestedProjects) = preSolution
		{31DCD898-103A-4040-94B0-382E331A7031} = {CC4E1D9D-C7D3-4B7A-9FD9-A79AB5C683CA}
		{8FF7AFC2-3068-428A-B046-5213A9EED822} = {3F529F49-E51E-4986-9061-D34AD61D82CA}
		{D19C2B35-AB4A-4EB2-BE0F-E151F023FEDB} = {31DCD898-103A-4040-94B0-382E331A7031}
		{FAEFFDE8-F32E-472B-BB4A-2C068EA0E96D} = {E8C7C21C-B294-478C-8888-A2A39F4547EE}
		{9469437F-AB0D-43B4-9084-E706B20E2C09} = {E8C7C21C-B294-478C-8888-A2A39F4547EE}
		{D1A5C3C8-4FDA-4A23-879E-74B182C99880} = {CB4C1334-1522-41ED-A2D1-33A6AE8A1BF7}
		{9E8652C6-7EB7-486A-9E40-4999393D401E} = {CC4E1D9D-C7D3-4B7A-9FD9-A79AB5C683CA}
		{02226466-7F10-4382-BD12-F0310AAC37C7} = {3F529F49-E51E-4986-9061-D34AD61D82CA}
		{3E8E0DDA-E025-4CA4-9169-F139D6D90B97} = {3F529F49-E51E-4986-9061-D34AD61D82CA}
		{78B51D35-B309-4A6B-8BD2-20E14E3FB141} = {EBECA7A5-B172-4FB9-8127-1FA13BD00DBA}
		{0315806F-AD62-42BD-B287-9DFF0CD23F3E} = {EBECA7A5-B172-4FB9-8127-1FA13BD00DBA}
		{B799B3E8-92E8-454A-B8E1-1FF61D9A272F} = {EBECA7A5-B172-4FB9-8127-1FA13BD00DBA}
		{63F81A1C-CB11-47FC-8095-DF480C24250E} = {F1E6A3C2-9D4D-402B-9156-FF48414F3FEF}
		{33F5FD19-535E-4BBE-8544-A6DC90AEB1F1} = {856D9383-AA3C-4A3B-810B-D8CBAF037F8D}
		{CCC09F9C-2254-4D74-9867-33A91C487544} = {B0FBE34A-33EA-4B49-96DE-4F8953E069B5}
		{727226E6-4CA0-4C96-A3B0-48279D1A26C6} = {408FF473-87E5-442D-A29C-FCF4F72DA431}
		{705219D6-4CF3-4090-84EE-70E6CC02A7A3} = {EBECA7A5-B172-4FB9-8127-1FA13BD00DBA}
		{A4DC32B8-D083-404D-8E85-157A8D2EB310} = {856D9383-AA3C-4A3B-810B-D8CBAF037F8D}
		{7E3760EC-8C52-440B-A0E0-C09DDB49D6B5} = {95A4A64A-D1CC-4DA7-9819-05A633018568}
	EndGlobalSection
	GlobalSection(ExtensibilityGlobals) = postSolution
		SolutionGuid = {A4889516-4500-4682-BDBA-2C8F2F6B17F7}
	EndGlobalSection
EndGlobal
