
Microsoft Visual Studio Solution File, Format Version 12.00
# Visual Studio 2012
Project("{FAE04EC0-301F-11D3-BF4B-00C04F79EFBC}") = "MvcExample", "MvcExample\MvcExample.csproj", "{4DF977E6-5AC7-468B-BAB5-E56E697EAE9B}"
EndProject
Project("{2150E333-8FDC-42A3-9474-1A3956D46DE8}") = "DataAcces", "DataAcces", "{CC4E1D9D-C7D3-4B7A-9FD9-A79AB5C683CA}"
EndProject
Project("{2150E333-8FDC-42A3-9474-1A3956D46DE8}") = "BusinesLayer", "BusinesLayer", "{3F529F49-E51E-4986-9061-D34AD61D82CA}"
EndProject
Project("{2150E333-8FDC-42A3-9474-1A3956D46DE8}") = "UserInterface", "UserInterface", "{EBECA7A5-B172-4FB9-8127-1FA13BD00DBA}"
EndProject
Project("{2150E333-8FDC-42A3-9474-1A3956D46DE8}") = "Repository", "Repository", "{E8C7C21C-B294-478C-8888-A2A39F4547EE}"
EndProject
Project("{2150E333-8FDC-42A3-9474-1A3956D46DE8}") = "UnitOfWork", "UnitOfWork", "{CB4C1334-1522-41ED-A2D1-33A6AE8A1BF7}"
EndProject
Project("{2150E333-8FDC-42A3-9474-1A3956D46DE8}") = "DTO", "DTO", "{31DCD898-103A-4040-94B0-382E331A7031}"
EndProject
Project("{FAE04EC0-301F-11D3-BF4B-00C04F79EFBC}") = "BusinesLayer", "BusinesLayer\BusinesLayer.csproj", "{8FF7AFC2-3068-428A-B046-5213A9EED822}"
EndProject
Project("{FAE04EC0-301F-11D3-BF4B-00C04F79EFBC}") = "DataTrasnferObject", "DataTrasnferObject\DataTrasnferObject.csproj", "{D19C2B35-AB4A-4EB2-BE0F-E151F023FEDB}"
EndProject
Project("{FAE04EC0-301F-11D3-BF4B-00C04F79EFBC}") = "IBaseRepository", "IBaseRepository\IBaseRepository.csproj", "{FAEFFDE8-F32E-472B-BB4A-2C068EA0E96D}"
EndProject
Project("{FAE04EC0-301F-11D3-BF4B-00C04F79EFBC}") = "BaseRepository", "BaseRepository\BaseRepository.csproj", "{9469437F-AB0D-43B4-9084-E706B20E2C09}"
EndProject
Project("{FAE04EC0-301F-11D3-BF4B-00C04F79EFBC}") = "UnitOfWork", "UnitOfWork\UnitOfWork.csproj", "{D1A5C3C8-4FDA-4A23-879E-74B182C99880}"
EndProject
Project("{FAE04EC0-301F-11D3-BF4B-00C04F79EFBC}") = "DataAcess", "DataAcess\DataAcess.csproj", "{9E8652C6-7EB7-486A-9E40-4999393D401E}"
EndProject
Project("{FAE04EC0-301F-11D3-BF4B-00C04F79EFBC}") = "BusinessLayerUnitTest", "BusinessLayerUnitTest\BusinessLayerUnitTest.csproj", "{02226466-7F10-4382-BD12-F0310AAC37C7}"
EndProject
Project("{2150E333-8FDC-42A3-9474-1A3956D46DE8}") = "Services", "Services", "{856D9383-AA3C-4A3B-810B-D8CBAF037F8D}"
EndProject
Project("{FAE04EC0-301F-11D3-BF4B-00C04F79EFBC}") = "ServiceLayerExt", "ServiceLayerExt\ServiceLayerExt.csproj", "{FACB8367-04B8-4641-BC11-16F068B3217C}"
EndProject
Project("{FAE04EC0-301F-11D3-BF4B-00C04F79EFBC}") = "ServiceSecure", "ServiceSecure\ServiceSecure.csproj", "{37D6D0D7-4AE9-4203-A8C8-CD305D97A9E1}"
EndProject
Global
	GlobalSection(SolutionConfigurationPlatforms) = preSolution
		Debug|Any CPU = Debug|Any CPU
		Release|Any CPU = Release|Any CPU
	EndGlobalSection
	GlobalSection(ProjectConfigurationPlatforms) = postSolution
		{4DF977E6-5AC7-468B-BAB5-E56E697EAE9B}.Debug|Any CPU.ActiveCfg = Debug|Any CPU
		{4DF977E6-5AC7-468B-BAB5-E56E697EAE9B}.Debug|Any CPU.Build.0 = Debug|Any CPU
		{4DF977E6-5AC7-468B-BAB5-E56E697EAE9B}.Release|Any CPU.ActiveCfg = Release|Any CPU
		{4DF977E6-5AC7-468B-BAB5-E56E697EAE9B}.Release|Any CPU.Build.0 = Release|Any CPU
		{8FF7AFC2-3068-428A-B046-5213A9EED822}.Debug|Any CPU.ActiveCfg = Debug|Any CPU
		{8FF7AFC2-3068-428A-B046-5213A9EED822}.Debug|Any CPU.Build.0 = Debug|Any CPU
		{8FF7AFC2-3068-428A-B046-5213A9EED822}.Release|Any CPU.ActiveCfg = Release|Any CPU
		{8FF7AFC2-3068-428A-B046-5213A9EED822}.Release|Any CPU.Build.0 = Release|Any CPU
		{D19C2B35-AB4A-4EB2-BE0F-E151F023FEDB}.Debug|Any CPU.ActiveCfg = Debug|Any CPU
		{D19C2B35-AB4A-4EB2-BE0F-E151F023FEDB}.Debug|Any CPU.Build.0 = Debug|Any CPU
		{D19C2B35-AB4A-4EB2-BE0F-E151F023FEDB}.Release|Any CPU.ActiveCfg = Release|Any CPU
		{D19C2B35-AB4A-4EB2-BE0F-E151F023FEDB}.Release|Any CPU.Build.0 = Release|Any CPU
		{FAEFFDE8-F32E-472B-BB4A-2C068EA0E96D}.Debug|Any CPU.ActiveCfg = Debug|Any CPU
		{FAEFFDE8-F32E-472B-BB4A-2C068EA0E96D}.Debug|Any CPU.Build.0 = Debug|Any CPU
		{FAEFFDE8-F32E-472B-BB4A-2C068EA0E96D}.Release|Any CPU.ActiveCfg = Release|Any CPU
		{FAEFFDE8-F32E-472B-BB4A-2C068EA0E96D}.Release|Any CPU.Build.0 = Release|Any CPU
		{9469437F-AB0D-43B4-9084-E706B20E2C09}.Debug|Any CPU.ActiveCfg = Debug|Any CPU
		{9469437F-AB0D-43B4-9084-E706B20E2C09}.Debug|Any CPU.Build.0 = Debug|Any CPU
		{9469437F-AB0D-43B4-9084-E706B20E2C09}.Release|Any CPU.ActiveCfg = Release|Any CPU
		{9469437F-AB0D-43B4-9084-E706B20E2C09}.Release|Any CPU.Build.0 = Release|Any CPU
		{D1A5C3C8-4FDA-4A23-879E-74B182C99880}.Debug|Any CPU.ActiveCfg = Debug|Any CPU
		{D1A5C3C8-4FDA-4A23-879E-74B182C99880}.Debug|Any CPU.Build.0 = Debug|Any CPU
		{D1A5C3C8-4FDA-4A23-879E-74B182C99880}.Release|Any CPU.ActiveCfg = Release|Any CPU
		{D1A5C3C8-4FDA-4A23-879E-74B182C99880}.Release|Any CPU.Build.0 = Release|Any CPU
		{9E8652C6-7EB7-486A-9E40-4999393D401E}.Debug|Any CPU.ActiveCfg = Debug|Any CPU
		{9E8652C6-7EB7-486A-9E40-4999393D401E}.Debug|Any CPU.Build.0 = Debug|Any CPU
		{9E8652C6-7EB7-486A-9E40-4999393D401E}.Release|Any CPU.ActiveCfg = Release|Any CPU
		{9E8652C6-7EB7-486A-9E40-4999393D401E}.Release|Any CPU.Build.0 = Release|Any CPU
		{02226466-7F10-4382-BD12-F0310AAC37C7}.Debug|Any CPU.ActiveCfg = Debug|Any CPU
		{02226466-7F10-4382-BD12-F0310AAC37C7}.Debug|Any CPU.Build.0 = Debug|Any CPU
		{02226466-7F10-4382-BD12-F0310AAC37C7}.Release|Any CPU.ActiveCfg = Release|Any CPU
		{02226466-7F10-4382-BD12-F0310AAC37C7}.Release|Any CPU.Build.0 = Release|Any CPU
		{FACB8367-04B8-4641-BC11-16F068B3217C}.Debug|Any CPU.ActiveCfg = Debug|Any CPU
		{FACB8367-04B8-4641-BC11-16F068B3217C}.Debug|Any CPU.Build.0 = Debug|Any CPU
		{FACB8367-04B8-4641-BC11-16F068B3217C}.Release|Any CPU.ActiveCfg = Release|Any CPU
		{FACB8367-04B8-4641-BC11-16F068B3217C}.Release|Any CPU.Build.0 = Release|Any CPU
		{37D6D0D7-4AE9-4203-A8C8-CD305D97A9E1}.Debug|Any CPU.ActiveCfg = Debug|Any CPU
		{37D6D0D7-4AE9-4203-A8C8-CD305D97A9E1}.Debug|Any CPU.Build.0 = Debug|Any CPU
		{37D6D0D7-4AE9-4203-A8C8-CD305D97A9E1}.Release|Any CPU.ActiveCfg = Release|Any CPU
		{37D6D0D7-4AE9-4203-A8C8-CD305D97A9E1}.Release|Any CPU.Build.0 = Release|Any CPU
	EndGlobalSection
	GlobalSection(SolutionProperties) = preSolution
		HideSolutionNode = FALSE
	EndGlobalSection
	GlobalSection(NestedProjects) = preSolution
		{4DF977E6-5AC7-468B-BAB5-E56E697EAE9B} = {EBECA7A5-B172-4FB9-8127-1FA13BD00DBA}
		{9E8652C6-7EB7-486A-9E40-4999393D401E} = {CC4E1D9D-C7D3-4B7A-9FD9-A79AB5C683CA}
		{8FF7AFC2-3068-428A-B046-5213A9EED822} = {3F529F49-E51E-4986-9061-D34AD61D82CA}
		{02226466-7F10-4382-BD12-F0310AAC37C7} = {3F529F49-E51E-4986-9061-D34AD61D82CA}
		{FAEFFDE8-F32E-472B-BB4A-2C068EA0E96D} = {E8C7C21C-B294-478C-8888-A2A39F4547EE}
		{9469437F-AB0D-43B4-9084-E706B20E2C09} = {E8C7C21C-B294-478C-8888-A2A39F4547EE}
		{D1A5C3C8-4FDA-4A23-879E-74B182C99880} = {CB4C1334-1522-41ED-A2D1-33A6AE8A1BF7}
		{D19C2B35-AB4A-4EB2-BE0F-E151F023FEDB} = {31DCD898-103A-4040-94B0-382E331A7031}
		{FACB8367-04B8-4641-BC11-16F068B3217C} = {856D9383-AA3C-4A3B-810B-D8CBAF037F8D}
		{37D6D0D7-4AE9-4203-A8C8-CD305D97A9E1} = {856D9383-AA3C-4A3B-810B-D8CBAF037F8D}
	EndGlobalSection
EndGlobal
